Microsoft Visual Studio Solution File, Format Version 12.00
# Visual Studio Version 16
VisualStudioVersion = 16.0.29411.108
MinimumVisualStudioVersion = 10.0.40219.1
Project("{9A19103F-16F7-4668-BE54-9A1E7A4F7556}") = "DayPrinter", "DayPrinter\DayPrinter.csproj", "{B3E76AAA-3BE8-49C7-A831-64EF68C6F28D}"
EndProject
Project("{9A19103F-16F7-4668-BE54-9A1E7A4F7556}") = "ElseIf", "ElseIf\ElseIf.csproj", "{C7008ACC-EE4B-49CC-B7FB-5F9F95E257A9}"
EndProject
Project("{9A19103F-16F7-4668-BE54-9A1E7A4F7556}") = "TempConv", "TempConv\TempConv.csproj", "{6D18F93D-E26F-4FF4-ABF2-1450FD9FB19D}"
EndProject
Project("{9A19103F-16F7-4668-BE54-9A1E7A4F7556}") = "HelloMethods", "HelloMethods\HelloMethods.csproj", "{9B69E0D2-FBD5-4FB4-9D40-768AE4F57300}"
EndProject
Project("{9A19103F-16F7-4668-BE54-9A1E7A4F7556}") = "Gradebook", "Gradebook\Gradebook.csproj", "{9E08496B-2501-4CBF-844F-8FD7BA97F4E6}"
EndProject
Project("{9A19103F-16F7-4668-BE54-9A1E7A4F7556}") = "GradebookDict", "GradebookDict\GradebookDict.csproj", "{EFCB1B91-2E92-478F-BFF7-013FF6911DCC}"
EndProject
Project("{9A19103F-16F7-4668-BE54-9A1E7A4F7556}") = "GradebookArray", "GradebookArray\GradebookArray.csproj", "{89051A0E-8D18-48C3-B4E6-D05F62D252CE}"
EndProject
Project("{FAE04EC0-301F-11D3-BF4B-00C04F79EFBC}") = "HelloWorld", "HelloWorld\HelloWorld.csproj", "{6610B66E-2FEA-443D-987B-155E3018435E}"
EndProject
Project("{FAE04EC0-301F-11D3-BF4B-00C04F79EFBC}") = "HelloUser", "HelloUser\HelloUser.csproj", "{C4A90D70-ED62-420A-BCD5-E9CD88D1D9F2}"
EndProject
Project("{FAE04EC0-301F-11D3-BF4B-00C04F79EFBC}") = "AreaOfRectangle", "AreaOfRectangle\AreaOfRectangle.csproj", "{35C4947F-5552-45CF-BD85-1199488AA6A5}"
EndProject
Project("{FAE04EC0-301F-11D3-BF4B-00C04F79EFBC}") = "MilesPerGallon", "MilesPerGallon\MilesPerGallon.csproj", "{B8C7F667-65DF-4B10-9C5E-5193B9B78696}"
EndProject
Project("{FAE04EC0-301F-11D3-BF4B-00C04F79EFBC}") = "AliceString", "AliceString\AliceString.csproj", "{7856142A-C4FB-4305-8E6A-570CB5217052}"
EndProject
Project("{FAE04EC0-301F-11D3-BF4B-00C04F79EFBC}") = "AreaOfCircle", "AreaOfCircle\AreaOfCircle.csproj", "{6A1917C0-ED7E-4790-9297-1CCCA3725402}"
EndProject
Global
	GlobalSection(SolutionConfigurationPlatforms) = preSolution
		Debug|Any CPU = Debug|Any CPU
		Release|Any CPU = Release|Any CPU
	EndGlobalSection
	GlobalSection(ProjectConfigurationPlatforms) = postSolution
		{B3E76AAA-3BE8-49C7-A831-64EF68C6F28D}.Debug|Any CPU.ActiveCfg = Debug|Any CPU
		{B3E76AAA-3BE8-49C7-A831-64EF68C6F28D}.Debug|Any CPU.Build.0 = Debug|Any CPU
		{B3E76AAA-3BE8-49C7-A831-64EF68C6F28D}.Release|Any CPU.ActiveCfg = Release|Any CPU
		{B3E76AAA-3BE8-49C7-A831-64EF68C6F28D}.Release|Any CPU.Build.0 = Release|Any CPU
		{C7008ACC-EE4B-49CC-B7FB-5F9F95E257A9}.Debug|Any CPU.ActiveCfg = Debug|Any CPU
		{C7008ACC-EE4B-49CC-B7FB-5F9F95E257A9}.Debug|Any CPU.Build.0 = Debug|Any CPU
		{C7008ACC-EE4B-49CC-B7FB-5F9F95E257A9}.Release|Any CPU.ActiveCfg = Release|Any CPU
		{C7008ACC-EE4B-49CC-B7FB-5F9F95E257A9}.Release|Any CPU.Build.0 = Release|Any CPU
		{6D18F93D-E26F-4FF4-ABF2-1450FD9FB19D}.Debug|Any CPU.ActiveCfg = Debug|Any CPU
		{6D18F93D-E26F-4FF4-ABF2-1450FD9FB19D}.Debug|Any CPU.Build.0 = Debug|Any CPU
		{6D18F93D-E26F-4FF4-ABF2-1450FD9FB19D}.Release|Any CPU.ActiveCfg = Release|Any CPU
		{6D18F93D-E26F-4FF4-ABF2-1450FD9FB19D}.Release|Any CPU.Build.0 = Release|Any CPU
		{9B69E0D2-FBD5-4FB4-9D40-768AE4F57300}.Debug|Any CPU.ActiveCfg = Debug|Any CPU
		{9B69E0D2-FBD5-4FB4-9D40-768AE4F57300}.Debug|Any CPU.Build.0 = Debug|Any CPU
		{9B69E0D2-FBD5-4FB4-9D40-768AE4F57300}.Release|Any CPU.ActiveCfg = Release|Any CPU
		{9B69E0D2-FBD5-4FB4-9D40-768AE4F57300}.Release|Any CPU.Build.0 = Release|Any CPU
		{9E08496B-2501-4CBF-844F-8FD7BA97F4E6}.Debug|Any CPU.ActiveCfg = Debug|Any CPU
		{9E08496B-2501-4CBF-844F-8FD7BA97F4E6}.Debug|Any CPU.Build.0 = Debug|Any CPU
		{9E08496B-2501-4CBF-844F-8FD7BA97F4E6}.Release|Any CPU.ActiveCfg = Release|Any CPU
		{9E08496B-2501-4CBF-844F-8FD7BA97F4E6}.Release|Any CPU.Build.0 = Release|Any CPU
		{EFCB1B91-2E92-478F-BFF7-013FF6911DCC}.Debug|Any CPU.ActiveCfg = Debug|Any CPU
		{EFCB1B91-2E92-478F-BFF7-013FF6911DCC}.Debug|Any CPU.Build.0 = Debug|Any CPU
		{EFCB1B91-2E92-478F-BFF7-013FF6911DCC}.Release|Any CPU.ActiveCfg = Release|Any CPU
		{EFCB1B91-2E92-478F-BFF7-013FF6911DCC}.Release|Any CPU.Build.0 = Release|Any CPU
		{89051A0E-8D18-48C3-B4E6-D05F62D252CE}.Debug|Any CPU.ActiveCfg = Debug|Any CPU
		{89051A0E-8D18-48C3-B4E6-D05F62D252CE}.Debug|Any CPU.Build.0 = Debug|Any CPU
		{89051A0E-8D18-48C3-B4E6-D05F62D252CE}.Release|Any CPU.ActiveCfg = Release|Any CPU
		{89051A0E-8D18-48C3-B4E6-D05F62D252CE}.Release|Any CPU.Build.0 = Release|Any CPU
		{6610B66E-2FEA-443D-987B-155E3018435E}.Debug|Any CPU.ActiveCfg = Debug|Any CPU
		{6610B66E-2FEA-443D-987B-155E3018435E}.Debug|Any CPU.Build.0 = Debug|Any CPU
		{6610B66E-2FEA-443D-987B-155E3018435E}.Release|Any CPU.ActiveCfg = Release|Any CPU
		{6610B66E-2FEA-443D-987B-155E3018435E}.Release|Any CPU.Build.0 = Release|Any CPU
		{C4A90D70-ED62-420A-BCD5-E9CD88D1D9F2}.Debug|Any CPU.ActiveCfg = Debug|Any CPU
		{C4A90D70-ED62-420A-BCD5-E9CD88D1D9F2}.Debug|Any CPU.Build.0 = Debug|Any CPU
		{C4A90D70-ED62-420A-BCD5-E9CD88D1D9F2}.Release|Any CPU.ActiveCfg = Release|Any CPU
		{C4A90D70-ED62-420A-BCD5-E9CD88D1D9F2}.Release|Any CPU.Build.0 = Release|Any CPU
		{35C4947F-5552-45CF-BD85-1199488AA6A5}.Debug|Any CPU.ActiveCfg = Debug|Any CPU
		{35C4947F-5552-45CF-BD85-1199488AA6A5}.Debug|Any CPU.Build.0 = Debug|Any CPU
		{35C4947F-5552-45CF-BD85-1199488AA6A5}.Release|Any CPU.ActiveCfg = Release|Any CPU
		{35C4947F-5552-45CF-BD85-1199488AA6A5}.Release|Any CPU.Build.0 = Release|Any CPU
		{B8C7F667-65DF-4B10-9C5E-5193B9B78696}.Debug|Any CPU.ActiveCfg = Debug|Any CPU
		{B8C7F667-65DF-4B10-9C5E-5193B9B78696}.Debug|Any CPU.Build.0 = Debug|Any CPU
		{B8C7F667-65DF-4B10-9C5E-5193B9B78696}.Release|Any CPU.ActiveCfg = Release|Any CPU
		{B8C7F667-65DF-4B10-9C5E-5193B9B78696}.Release|Any CPU.Build.0 = Release|Any CPU
		{7856142A-C4FB-4305-8E6A-570CB5217052}.Debug|Any CPU.ActiveCfg = Debug|Any CPU
		{7856142A-C4FB-4305-8E6A-570CB5217052}.Debug|Any CPU.Build.0 = Debug|Any CPU
		{7856142A-C4FB-4305-8E6A-570CB5217052}.Release|Any CPU.ActiveCfg = Release|Any CPU
		{7856142A-C4FB-4305-8E6A-570CB5217052}.Release|Any CPU.Build.0 = Release|Any CPU
		{6A1917C0-ED7E-4790-9297-1CCCA3725402}.Debug|Any CPU.ActiveCfg = Debug|Any CPU
		{6A1917C0-ED7E-4790-9297-1CCCA3725402}.Debug|Any CPU.Build.0 = Debug|Any CPU
		{6A1917C0-ED7E-4790-9297-1CCCA3725402}.Release|Any CPU.ActiveCfg = Release|Any CPU
		{6A1917C0-ED7E-4790-9297-1CCCA3725402}.Release|Any CPU.Build.0 = Release|Any CPU
	EndGlobalSection
	GlobalSection(SolutionProperties) = preSolution
		HideSolutionNode = FALSE
	EndGlobalSection
	GlobalSection(ExtensibilityGlobals) = postSolution
		SolutionGuid = {1E522577-4F0C-494E-BD9A-440890AA4B7C}
	EndGlobalSection
EndGlobal
